
Microsoft Visual Studio Solution File, Format Version 12.00
# Visual Studio 15
Project("{FAE04EC0-301F-11D3-BF4B-00C04F79EFBC}") = "Assembly-CSharp", "Assembly-CSharp.csproj", "{BC5B0546-91E7-6411-A3CD-DCD76F0F2F6A}"
EndProject
Project("{FAE04EC0-301F-11D3-BF4B-00C04F79EFBC}") = "Assembly-CSharp-Editor", "Assembly-CSharp-Editor.csproj", "{4399BD13-EA99-9B12-8E97-E41DEC0079DC}"
EndProject
Global
	GlobalSection(SolutionConfigurationPlatforms) = preSolution
		Debug|Any CPU = Debug|Any CPU
		Release|Any CPU = Release|Any CPU
	EndGlobalSection
	GlobalSection(ProjectConfigurationPlatforms) = postSolution
		{BC5B0546-91E7-6411-A3CD-DCD76F0F2F6A}.Debug|Any CPU.ActiveCfg = Debug|Any CPU
		{BC5B0546-91E7-6411-A3CD-DCD76F0F2F6A}.Debug|Any CPU.Build.0 = Debug|Any CPU
		{BC5B0546-91E7-6411-A3CD-DCD76F0F2F6A}.Release|Any CPU.ActiveCfg = Release|Any CPU
		{BC5B0546-91E7-6411-A3CD-DCD76F0F2F6A}.Release|Any CPU.Build.0 = Release|Any CPU
		{4399BD13-EA99-9B12-8E97-E41DEC0079DC}.Debug|Any CPU.ActiveCfg = Debug|Any CPU
		{4399BD13-EA99-9B12-8E97-E41DEC0079DC}.Debug|Any CPU.Build.0 = Debug|Any CPU
		{4399BD13-EA99-9B12-8E97-E41DEC0079DC}.Release|Any CPU.ActiveCfg = Release|Any CPU
		{4399BD13-EA99-9B12-8E97-E41DEC0079DC}.Release|Any CPU.Build.0 = Release|Any CPU
	EndGlobalSection
	GlobalSection(SolutionProperties) = preSolution
		HideSolutionNode = FALSE
	EndGlobalSection
EndGlobal
